
Microsoft Visual Studio Solution File, Format Version 12.00
# Visual Studio Version 17
VisualStudioVersion = 17.9.34728.123
MinimumVisualStudioVersion = 10.0.40219.1
Project("{8BC9CEB8-8B4A-11D0-8D11-00A0C91BC942}") = "FCMC", "FCMC\FCMC.vcxproj", "{C9C162E6-3FD4-46E4-9CD8-2B9FC945B7B0}"
EndProject
Global
	GlobalSection(SolutionConfigurationPlatforms) = preSolution
		Debug|x64 = Debug|x64
		Debug|x86 = Debug|x86
		Release|x64 = Release|x64
		Release|x86 = Release|x86
	EndGlobalSection
	GlobalSection(ProjectConfigurationPlatforms) = postSolution
		{C9C162E6-3FD4-46E4-9CD8-2B9FC945B7B0}.Debug|x64.ActiveCfg = Debug|x64
		{C9C162E6-3FD4-46E4-9CD8-2B9FC945B7B0}.Debug|x64.Build.0 = Debug|x64
		{C9C162E6-3FD4-46E4-9CD8-2B9FC945B7B0}.Debug|x86.ActiveCfg = Debug|Win32
		{C9C162E6-3FD4-46E4-9CD8-2B9FC945B7B0}.Debug|x86.Build.0 = Debug|Win32
		{C9C162E6-3FD4-46E4-9CD8-2B9FC945B7B0}.Release|x64.ActiveCfg = Release|x64
		{C9C162E6-3FD4-46E4-9CD8-2B9FC945B7B0}.Release|x64.Build.0 = Release|x64
		{C9C162E6-3FD4-46E4-9CD8-2B9FC945B7B0}.Release|x86.ActiveCfg = Release|Win32
		{C9C162E6-3FD4-46E4-9CD8-2B9FC945B7B0}.Release|x86.Build.0 = Release|Win32
	EndGlobalSection
	GlobalSection(SolutionProperties) = preSolution
		HideSolutionNode = FALSE
	EndGlobalSection
	GlobalSection(ExtensibilityGlobals) = postSolution
		SolutionGuid = {1E986348-B73C-46AF-8BC0-6B8B9983CED7}
	EndGlobalSection
EndGlobal
